<?xml version="1.0" encoding="utf-8"?>
<Project ToolsVersion="4.0" xmlns="http://schemas.microsoft.com/developer/msbuild/2003">
  <ItemGroup>
    <Filter Include="소스 파일">
      <UniqueIdentifier>{4FC737F1-C7A5-4376-A066-2A32D752A2FF}</UniqueIdentifier>
      <Extensions>cpp;c;cc;cxx;c++;cppm;ixx;def;odl;idl;hpj;bat;asm;asmx</Extensions>
    </Filter>
    <Filter Include="헤더 파일">
      <UniqueIdentifier>{93995380-89BD-4b04-88EB-625FBE52EBFB}</UniqueIdentifier>
      <Extensions>h;hh;hpp;hxx;h++;hm;inl;inc;ipp;xsd</Extensions>
    </Filter>
    <Filter Include="리소스 파일">
      <UniqueIdentifier>{67DA6AB6-F800-4c08-8B7A-83BB121AAD01}</UniqueIdentifier>
      <Extensions>rc;ico;cur;bmp;dlg;rc2;rct;bin;rgs;gif;jpg;jpeg;jpe;resx;tiff;tif;png;wav;mfcribbon-ms</Extensions>
    </Filter>
  </ItemGroup>
  <ItemGroup>
    <ClInclude Include="delivery_system.h">
      <Filter>헤더 파일</Filter>
    </ClInclude>
    <ClInclude Include="deliver_console.h">
      <Filter>헤더 파일</Filter>
    </ClInclude>
    <ClInclude Include="delivery_manegement.h">
      <Filter>헤더 파일</Filter>
    </ClInclude>
    <ClInclude Include="guest.h">
      <Filter>헤더 파일</Filter>
    </ClInclude>
    <ClInclude Include="deliveryman.h">
      <Filter>헤더 파일</Filter>
    </ClInclude>
    <ClInclude Include="foodstore.h">
      <Filter>헤더 파일</Filter>
    </ClInclude>
    <ClInclude Include="chines_fooda.h">
      <Filter>헤더 파일</Filter>
    </ClInclude>
    <ClInclude Include="korea_fooda.h">
      <Filter>헤더 파일</Filter>
    </ClInclude>
    <ClInclude Include="weston_fooda.h">
      <Filter>헤더 파일</Filter>
    </ClInclude>
  </ItemGroup>
  <ItemGroup>
    <ClCompile Include="delivery_system.cpp">
      <Filter>소스 파일</Filter>
    </ClCompile>
    <ClCompile Include="deliver_console.cpp">
      <Filter>소스 파일</Filter>
    </ClCompile>
    <ClCompile Include="delivery_manegement.cpp">
      <Filter>소스 파일</Filter>
    </ClCompile>
    <ClCompile Include="guest.cpp">
      <Filter>소스 파일</Filter>
    </ClCompile>
    <ClCompile Include="deliveryman.cpp">
      <Filter>소스 파일</Filter>
    </ClCompile>
    <ClCompile Include="foodstore.cpp">
      <Filter>소스 파일</Filter>
    </ClCompile>
    <ClCompile Include="chines_fooda.cpp">
      <Filter>소스 파일</Filter>
    </ClCompile>
    <ClCompile Include="korea_fooda.cpp">
      <Filter>소스 파일</Filter>
    </ClCompile>
    <ClCompile Include="weston_fooda.cpp">
      <Filter>소스 파일</Filter>
    </ClCompile>
    <ClCompile Include="main.cpp">
      <Filter>소스 파일</Filter>
    </ClCompile>
  </ItemGroup>
</Project>